// !$*UTF8*$!
{
	archiveVersion = 1;
	classes = {
	};
	objectVersion = 55;
	objects = {

/* Begin PBXBuildFile section */
		965914AD29B7B69C0031B82C /* TestAppTests.swift in Sources */ = {isa = PBXBuildFile; fileRef = 965914AC29B7B69C0031B82C /* TestAppTests.swift */; };
		965914B429B7B8B20031B82C /* testingData.json in Resources */ = {isa = PBXBuildFile; fileRef = 965914B329B7B8B20031B82C /* testingData.json */; };
		965914B729B7C02F0031B82C /* MockNetworkService.swift in Sources */ = {isa = PBXBuildFile; fileRef = 965914B629B7C02F0031B82C /* MockNetworkService.swift */; };
		965914B829B7DC7F0031B82C /* testingData.json in Resources */ = {isa = PBXBuildFile; fileRef = 965914B329B7B8B20031B82C /* testingData.json */; };
		965914BA29B7DFF10031B82C /* MockFavouriteDataStorage.swift in Sources */ = {isa = PBXBuildFile; fileRef = 965914B929B7DFF10031B82C /* MockFavouriteDataStorage.swift */; };
		965914BC29B7E0CD0031B82C /* MockModel.swift in Sources */ = {isa = PBXBuildFile; fileRef = 965914BB29B7E0CD0031B82C /* MockModel.swift */; };
		965A35CE299179AB0072CFC5 /* NetworkServiceError.swift in Sources */ = {isa = PBXBuildFile; fileRef = 965A35CD299179AB0072CFC5 /* NetworkServiceError.swift */; };
		965F9EEA29A2512200F7C054 /* LoadButton.swift in Sources */ = {isa = PBXBuildFile; fileRef = 965F9EE929A2512200F7C054 /* LoadButton.swift */; };
		965F9EED29A2549400F7C054 /* Colors.swift in Sources */ = {isa = PBXBuildFile; fileRef = 965F9EEC29A2549400F7C054 /* Colors.swift */; };
		965F9EEF29A2861F00F7C054 /* OnlyFavouriteButton.swift in Sources */ = {isa = PBXBuildFile; fileRef = 965F9EEE29A2861F00F7C054 /* OnlyFavouriteButton.swift */; };
		965F9EF129A2866200F7C054 /* BorderButtonStyle.swift in Sources */ = {isa = PBXBuildFile; fileRef = 965F9EF029A2866200F7C054 /* BorderButtonStyle.swift */; };
		968E721629B0B9600054EC39 /* DataListView.swift in Sources */ = {isa = PBXBuildFile; fileRef = 968E721529B0B9600054EC39 /* DataListView.swift */; };
		968E721829B0B9AD0054EC39 /* DataListRow.swift in Sources */ = {isa = PBXBuildFile; fileRef = 968E721729B0B9AD0054EC39 /* DataListRow.swift */; };
		968E721A29B0B9DA0054EC39 /* FavouriteButton.swift in Sources */ = {isa = PBXBuildFile; fileRef = 968E721929B0B9DA0054EC39 /* FavouriteButton.swift */; };
		968E721C29B0BA700054EC39 /* TitleTextModifier.swift in Sources */ = {isa = PBXBuildFile; fileRef = 968E721B29B0BA700054EC39 /* TitleTextModifier.swift */; };
		968E721E29B0BA8D0054EC39 /* SummaryTextModifier.swift in Sources */ = {isa = PBXBuildFile; fileRef = 968E721D29B0BA8D0054EC39 /* SummaryTextModifier.swift */; };
		968E722329B0BC150054EC39 /* FavouriteDataStorage.swift in Sources */ = {isa = PBXBuildFile; fileRef = 968E722229B0BC150054EC39 /* FavouriteDataStorage.swift */; };
		96B537252982FF7D004365B9 /* TestAppApp.swift in Sources */ = {isa = PBXBuildFile; fileRef = 96B537242982FF7D004365B9 /* TestAppApp.swift */; };
		96B537272982FF7D004365B9 /* MainScreenView.swift in Sources */ = {isa = PBXBuildFile; fileRef = 96B537262982FF7D004365B9 /* MainScreenView.swift */; };
		96B537292982FF7E004365B9 /* Assets.xcassets in Resources */ = {isa = PBXBuildFile; fileRef = 96B537282982FF7E004365B9 /* Assets.xcassets */; };
		96B5372C2982FF7E004365B9 /* Preview Assets.xcassets in Resources */ = {isa = PBXBuildFile; fileRef = 96B5372B2982FF7E004365B9 /* Preview Assets.xcassets */; };
		96B537332982FFB8004365B9 /* NetworkService.swift in Sources */ = {isa = PBXBuildFile; fileRef = 96B537322982FFB8004365B9 /* NetworkService.swift */; };
		96B537352982FFF9004365B9 /* TvShow.swift in Sources */ = {isa = PBXBuildFile; fileRef = 96B537342982FFF9004365B9 /* TvShow.swift */; };
		96B5373729830567004365B9 /* MainScreenView-ViewModel.swift in Sources */ = {isa = PBXBuildFile; fileRef = 96B5373629830567004365B9 /* MainScreenView-ViewModel.swift */; };
		96B5373929830775004365B9 /* MainScreenModel.swift in Sources */ = {isa = PBXBuildFile; fileRef = 96B5373829830775004365B9 /* MainScreenModel.swift */; };
		96B5373B2983092F004365B9 /* FavouriteTvShow.swift in Sources */ = {isa = PBXBuildFile; fileRef = 96B5373A2983092F004365B9 /* FavouriteTvShow.swift */; };
		96B5373D29830F75004365B9 /* FavouriteDataView.swift in Sources */ = {isa = PBXBuildFile; fileRef = 96B5373C29830F75004365B9 /* FavouriteDataView.swift */; };
/* End PBXBuildFile section */

/* Begin PBXContainerItemProxy section */
		965914AE29B7B69C0031B82C /* PBXContainerItemProxy */ = {
			isa = PBXContainerItemProxy;
			containerPortal = 96B537192982FF7D004365B9 /* Project object */;
			proxyType = 1;
			remoteGlobalIDString = 96B537202982FF7D004365B9;
			remoteInfo = TestApp;
		};
/* End PBXContainerItemProxy section */

/* Begin PBXFileReference section */
		965914AA29B7B69C0031B82C /* TestAppTests.xctest */ = {isa = PBXFileReference; explicitFileType = wrapper.cfbundle; includeInIndex = 0; path = TestAppTests.xctest; sourceTree = BUILT_PRODUCTS_DIR; };
		965914AC29B7B69C0031B82C /* TestAppTests.swift */ = {isa = PBXFileReference; lastKnownFileType = sourcecode.swift; path = TestAppTests.swift; sourceTree = "<group>"; };
		965914B329B7B8B20031B82C /* testingData.json */ = {isa = PBXFileReference; fileEncoding = 4; lastKnownFileType = text.json; path = testingData.json; sourceTree = "<group>"; };
		965914B629B7C02F0031B82C /* MockNetworkService.swift */ = {isa = PBXFileReference; lastKnownFileType = sourcecode.swift; path = MockNetworkService.swift; sourceTree = "<group>"; };
		965914B929B7DFF10031B82C /* MockFavouriteDataStorage.swift */ = {isa = PBXFileReference; lastKnownFileType = sourcecode.swift; path = MockFavouriteDataStorage.swift; sourceTree = "<group>"; };
		965914BB29B7E0CD0031B82C /* MockModel.swift */ = {isa = PBXFileReference; lastKnownFileType = sourcecode.swift; path = MockModel.swift; sourceTree = "<group>"; };
		965A35CD299179AB0072CFC5 /* NetworkServiceError.swift */ = {isa = PBXFileReference; lastKnownFileType = sourcecode.swift; path = NetworkServiceError.swift; sourceTree = "<group>"; };
		965F9EE929A2512200F7C054 /* LoadButton.swift */ = {isa = PBXFileReference; lastKnownFileType = sourcecode.swift; path = LoadButton.swift; sourceTree = "<group>"; };
		965F9EEC29A2549400F7C054 /* Colors.swift */ = {isa = PBXFileReference; lastKnownFileType = sourcecode.swift; path = Colors.swift; sourceTree = "<group>"; };
		965F9EEE29A2861F00F7C054 /* OnlyFavouriteButton.swift */ = {isa = PBXFileReference; lastKnownFileType = sourcecode.swift; path = OnlyFavouriteButton.swift; sourceTree = "<group>"; };
		965F9EF029A2866200F7C054 /* BorderButtonStyle.swift */ = {isa = PBXFileReference; lastKnownFileType = sourcecode.swift; path = BorderButtonStyle.swift; sourceTree = "<group>"; };
		968E721529B0B9600054EC39 /* DataListView.swift */ = {isa = PBXFileReference; lastKnownFileType = sourcecode.swift; path = DataListView.swift; sourceTree = "<group>"; };
		968E721729B0B9AD0054EC39 /* DataListRow.swift */ = {isa = PBXFileReference; lastKnownFileType = sourcecode.swift; path = DataListRow.swift; sourceTree = "<group>"; };
		968E721929B0B9DA0054EC39 /* FavouriteButton.swift */ = {isa = PBXFileReference; lastKnownFileType = sourcecode.swift; path = FavouriteButton.swift; sourceTree = "<group>"; };
		968E721B29B0BA700054EC39 /* TitleTextModifier.swift */ = {isa = PBXFileReference; lastKnownFileType = sourcecode.swift; path = TitleTextModifier.swift; sourceTree = "<group>"; };
		968E721D29B0BA8D0054EC39 /* SummaryTextModifier.swift */ = {isa = PBXFileReference; lastKnownFileType = sourcecode.swift; path = SummaryTextModifier.swift; sourceTree = "<group>"; };
		968E722229B0BC150054EC39 /* FavouriteDataStorage.swift */ = {isa = PBXFileReference; lastKnownFileType = sourcecode.swift; path = FavouriteDataStorage.swift; sourceTree = "<group>"; };
		96B537212982FF7D004365B9 /* TestApp.app */ = {isa = PBXFileReference; explicitFileType = wrapper.application; includeInIndex = 0; path = TestApp.app; sourceTree = BUILT_PRODUCTS_DIR; };
		96B537242982FF7D004365B9 /* TestAppApp.swift */ = {isa = PBXFileReference; lastKnownFileType = sourcecode.swift; path = TestAppApp.swift; sourceTree = "<group>"; };
		96B537262982FF7D004365B9 /* MainScreenView.swift */ = {isa = PBXFileReference; lastKnownFileType = sourcecode.swift; path = MainScreenView.swift; sourceTree = "<group>"; };
		96B537282982FF7E004365B9 /* Assets.xcassets */ = {isa = PBXFileReference; lastKnownFileType = folder.assetcatalog; path = Assets.xcassets; sourceTree = "<group>"; };
		96B5372B2982FF7E004365B9 /* Preview Assets.xcassets */ = {isa = PBXFileReference; lastKnownFileType = folder.assetcatalog; path = "Preview Assets.xcassets"; sourceTree = "<group>"; };
		96B537322982FFB8004365B9 /* NetworkService.swift */ = {isa = PBXFileReference; lastKnownFileType = sourcecode.swift; path = NetworkService.swift; sourceTree = "<group>"; };
		96B537342982FFF9004365B9 /* TvShow.swift */ = {isa = PBXFileReference; lastKnownFileType = sourcecode.swift; path = TvShow.swift; sourceTree = "<group>"; };
		96B5373629830567004365B9 /* MainScreenView-ViewModel.swift */ = {isa = PBXFileReference; lastKnownFileType = sourcecode.swift; path = "MainScreenView-ViewModel.swift"; sourceTree = "<group>"; };
		96B5373829830775004365B9 /* MainScreenModel.swift */ = {isa = PBXFileReference; lastKnownFileType = sourcecode.swift; path = MainScreenModel.swift; sourceTree = "<group>"; };
		96B5373A2983092F004365B9 /* FavouriteTvShow.swift */ = {isa = PBXFileReference; lastKnownFileType = sourcecode.swift; path = FavouriteTvShow.swift; sourceTree = "<group>"; };
		96B5373C29830F75004365B9 /* FavouriteDataView.swift */ = {isa = PBXFileReference; lastKnownFileType = sourcecode.swift; path = FavouriteDataView.swift; sourceTree = "<group>"; };
/* End PBXFileReference section */

/* Begin PBXFrameworksBuildPhase section */
		965914A729B7B69C0031B82C /* Frameworks */ = {
			isa = PBXFrameworksBuildPhase;
			buildActionMask = 2147483647;
			files = (
			);
			runOnlyForDeploymentPostprocessing = 0;
		};
		96B5371E2982FF7D004365B9 /* Frameworks */ = {
			isa = PBXFrameworksBuildPhase;
			buildActionMask = 2147483647;
			files = (
			);
			runOnlyForDeploymentPostprocessing = 0;
		};
/* End PBXFrameworksBuildPhase section */

/* Begin PBXGroup section */
		965914AB29B7B69C0031B82C /* TestAppTests */ = {
			isa = PBXGroup;
			children = (
				965914AC29B7B69C0031B82C /* TestAppTests.swift */,
				965914BB29B7E0CD0031B82C /* MockModel.swift */,
				965914B629B7C02F0031B82C /* MockNetworkService.swift */,
				965914B929B7DFF10031B82C /* MockFavouriteDataStorage.swift */,
				965914B529B7B8C60031B82C /* Resources */,
			);
			path = TestAppTests;
			sourceTree = "<group>";
		};
		965914B529B7B8C60031B82C /* Resources */ = {
			isa = PBXGroup;
			children = (
				965914B329B7B8B20031B82C /* testingData.json */,
			);
			path = Resources;
			sourceTree = "<group>";
		};
		965A35CF29919D190072CFC5 /* NetworkService */ = {
			isa = PBXGroup;
			children = (
				96B537322982FFB8004365B9 /* NetworkService.swift */,
				965A35CD299179AB0072CFC5 /* NetworkServiceError.swift */,
			);
			path = NetworkService;
			sourceTree = "<group>";
		};
		965F9EE729A244B000F7C054 /* MainScreen */ = {
			isa = PBXGroup;
			children = (
				96B537262982FF7D004365B9 /* MainScreenView.swift */,
				96B5373629830567004365B9 /* MainScreenView-ViewModel.swift */,
				96B5373829830775004365B9 /* MainScreenModel.swift */,
				965F9EE829A250E500F7C054 /* AdditionalViews */,
			);
			path = MainScreen;
			sourceTree = "<group>";
		};
		965F9EE829A250E500F7C054 /* AdditionalViews */ = {
			isa = PBXGroup;
			children = (
				96B5373C29830F75004365B9 /* FavouriteDataView.swift */,
				968E721529B0B9600054EC39 /* DataListView.swift */,
				968E721729B0B9AD0054EC39 /* DataListRow.swift */,
				968E721F29B0BB0A0054EC39 /* Buttons */,
				968E722029B0BB200054EC39 /* StylesAndModifiers */,
			);
			path = AdditionalViews;
			sourceTree = "<group>";
		};
		965F9EEB29A2541200F7C054 /* Resources */ = {
			isa = PBXGroup;
			children = (
				96B537282982FF7E004365B9 /* Assets.xcassets */,
				965F9EEC29A2549400F7C054 /* Colors.swift */,
			);
			path = Resources;
			sourceTree = "<group>";
		};
		9680C98029927C2B00818DFC /* Entities */ = {
			isa = PBXGroup;
			children = (
				96B537342982FFF9004365B9 /* TvShow.swift */,
				96B5373A2983092F004365B9 /* FavouriteTvShow.swift */,
			);
			path = Entities;
			sourceTree = "<group>";
		};
		968E721F29B0BB0A0054EC39 /* Buttons */ = {
			isa = PBXGroup;
			children = (
				965F9EE929A2512200F7C054 /* LoadButton.swift */,
				965F9EEE29A2861F00F7C054 /* OnlyFavouriteButton.swift */,
				968E721929B0B9DA0054EC39 /* FavouriteButton.swift */,
			);
			path = Buttons;
			sourceTree = "<group>";
		};
		968E722029B0BB200054EC39 /* StylesAndModifiers */ = {
			isa = PBXGroup;
			children = (
				965F9EF029A2866200F7C054 /* BorderButtonStyle.swift */,
				968E721B29B0BA700054EC39 /* TitleTextModifier.swift */,
				968E721D29B0BA8D0054EC39 /* SummaryTextModifier.swift */,
			);
			path = StylesAndModifiers;
			sourceTree = "<group>";
		};
		968E722129B0BBEB0054EC39 /* StorageService */ = {
			isa = PBXGroup;
			children = (
				968E722229B0BC150054EC39 /* FavouriteDataStorage.swift */,
			);
			path = StorageService;
			sourceTree = "<group>";
		};
		96B537182982FF7D004365B9 = {
			isa = PBXGroup;
			children = (
				96B537232982FF7D004365B9 /* TestApp */,
				965914AB29B7B69C0031B82C /* TestAppTests */,
				96B537222982FF7D004365B9 /* Products */,
			);
			sourceTree = "<group>";
		};
		96B537222982FF7D004365B9 /* Products */ = {
			isa = PBXGroup;
			children = (
				96B537212982FF7D004365B9 /* TestApp.app */,
				965914AA29B7B69C0031B82C /* TestAppTests.xctest */,
			);
			name = Products;
			sourceTree = "<group>";
		};
		96B537232982FF7D004365B9 /* TestApp */ = {
			isa = PBXGroup;
			children = (
				96B537242982FF7D004365B9 /* TestAppApp.swift */,
				965F9EE729A244B000F7C054 /* MainScreen */,
				9680C98029927C2B00818DFC /* Entities */,
				965A35CF29919D190072CFC5 /* NetworkService */,
				968E722129B0BBEB0054EC39 /* StorageService */,
				965F9EEB29A2541200F7C054 /* Resources */,
				96B5372A2982FF7E004365B9 /* Preview Content */,
			);
			path = TestApp;
			sourceTree = "<group>";
		};
		96B5372A2982FF7E004365B9 /* Preview Content */ = {
			isa = PBXGroup;
			children = (
				96B5372B2982FF7E004365B9 /* Preview Assets.xcassets */,
			);
			path = "Preview Content";
			sourceTree = "<group>";
		};
/* End PBXGroup section */

/* Begin PBXNativeTarget section */
		965914A929B7B69C0031B82C /* TestAppTests */ = {
			isa = PBXNativeTarget;
			buildConfigurationList = 965914B229B7B69C0031B82C /* Build configuration list for PBXNativeTarget "TestAppTests" */;
			buildPhases = (
				965914A629B7B69C0031B82C /* Sources */,
				965914A729B7B69C0031B82C /* Frameworks */,
				965914A829B7B69C0031B82C /* Resources */,
			);
			buildRules = (
			);
			dependencies = (
				965914AF29B7B69C0031B82C /* PBXTargetDependency */,
			);
			name = TestAppTests;
			productName = TestAppTests;
			productReference = 965914AA29B7B69C0031B82C /* TestAppTests.xctest */;
			productType = "com.apple.product-type.bundle.unit-test";
		};
		96B537202982FF7D004365B9 /* TestApp */ = {
			isa = PBXNativeTarget;
			buildConfigurationList = 96B5372F2982FF7E004365B9 /* Build configuration list for PBXNativeTarget "TestApp" */;
			buildPhases = (
				96B5371D2982FF7D004365B9 /* Sources */,
				96B5371E2982FF7D004365B9 /* Frameworks */,
				96B5371F2982FF7D004365B9 /* Resources */,
			);
			buildRules = (
			);
			dependencies = (
			);
			name = TestApp;
			productName = TestApp;
			productReference = 96B537212982FF7D004365B9 /* TestApp.app */;
			productType = "com.apple.product-type.application";
		};
/* End PBXNativeTarget section */

/* Begin PBXProject section */
		96B537192982FF7D004365B9 /* Project object */ = {
			isa = PBXProject;
			attributes = {
				BuildIndependentTargetsInParallel = 1;
				LastSwiftUpdateCheck = 1420;
				LastUpgradeCheck = 1310;
				TargetAttributes = {
					965914A929B7B69C0031B82C = {
						CreatedOnToolsVersion = 14.2;
						TestTargetID = 96B537202982FF7D004365B9;
					};
					96B537202982FF7D004365B9 = {
						CreatedOnToolsVersion = 13.1;
					};
				};
			};
			buildConfigurationList = 96B5371C2982FF7D004365B9 /* Build configuration list for PBXProject "TestApp" */;
			compatibilityVersion = "Xcode 13.0";
			developmentRegion = en;
			hasScannedForEncodings = 0;
			knownRegions = (
				en,
				Base,
			);
			mainGroup = 96B537182982FF7D004365B9;
			productRefGroup = 96B537222982FF7D004365B9 /* Products */;
			projectDirPath = "";
			projectRoot = "";
			targets = (
				96B537202982FF7D004365B9 /* TestApp */,
				965914A929B7B69C0031B82C /* TestAppTests */,
			);
		};
/* End PBXProject section */

/* Begin PBXResourcesBuildPhase section */
		965914A829B7B69C0031B82C /* Resources */ = {
			isa = PBXResourcesBuildPhase;
			buildActionMask = 2147483647;
			files = (
				965914B429B7B8B20031B82C /* testingData.json in Resources */,
			);
			runOnlyForDeploymentPostprocessing = 0;
		};
		96B5371F2982FF7D004365B9 /* Resources */ = {
			isa = PBXResourcesBuildPhase;
			buildActionMask = 2147483647;
			files = (
				965914B829B7DC7F0031B82C /* testingData.json in Resources */,
				96B5372C2982FF7E004365B9 /* Preview Assets.xcassets in Resources */,
				96B537292982FF7E004365B9 /* Assets.xcassets in Resources */,
			);
			runOnlyForDeploymentPostprocessing = 0;
		};
/* End PBXResourcesBuildPhase section */

/* Begin PBXSourcesBuildPhase section */
		965914A629B7B69C0031B82C /* Sources */ = {
			isa = PBXSourcesBuildPhase;
			buildActionMask = 2147483647;
			files = (
				965914BA29B7DFF10031B82C /* MockFavouriteDataStorage.swift in Sources */,
				965914BC29B7E0CD0031B82C /* MockModel.swift in Sources */,
				965914B729B7C02F0031B82C /* MockNetworkService.swift in Sources */,
				965914AD29B7B69C0031B82C /* TestAppTests.swift in Sources */,
			);
			runOnlyForDeploymentPostprocessing = 0;
		};
		96B5371D2982FF7D004365B9 /* Sources */ = {
			isa = PBXSourcesBuildPhase;
			buildActionMask = 2147483647;
			files = (
				96B5373729830567004365B9 /* MainScreenView-ViewModel.swift in Sources */,
				96B537272982FF7D004365B9 /* MainScreenView.swift in Sources */,
				96B5373B2983092F004365B9 /* FavouriteTvShow.swift in Sources */,
				965F9EF129A2866200F7C054 /* BorderButtonStyle.swift in Sources */,
				965F9EED29A2549400F7C054 /* Colors.swift in Sources */,
				96B537332982FFB8004365B9 /* NetworkService.swift in Sources */,
				968E721629B0B9600054EC39 /* DataListView.swift in Sources */,
				968E721A29B0B9DA0054EC39 /* FavouriteButton.swift in Sources */,
				96B5373929830775004365B9 /* MainScreenModel.swift in Sources */,
				965F9EEA29A2512200F7C054 /* LoadButton.swift in Sources */,
				96B537252982FF7D004365B9 /* TestAppApp.swift in Sources */,
				965A35CE299179AB0072CFC5 /* NetworkServiceError.swift in Sources */,
				968E721E29B0BA8D0054EC39 /* SummaryTextModifier.swift in Sources */,
				96B5373D29830F75004365B9 /* FavouriteDataView.swift in Sources */,
				96B537352982FFF9004365B9 /* TvShow.swift in Sources */,
				968E721C29B0BA700054EC39 /* TitleTextModifier.swift in Sources */,
				968E722329B0BC150054EC39 /* FavouriteDataStorage.swift in Sources */,
				968E721829B0B9AD0054EC39 /* DataListRow.swift in Sources */,
				965F9EEF29A2861F00F7C054 /* OnlyFavouriteButton.swift in Sources */,
			);
			runOnlyForDeploymentPostprocessing = 0;
		};
/* End PBXSourcesBuildPhase section */

/* Begin PBXTargetDependency section */
		965914AF29B7B69C0031B82C /* PBXTargetDependency */ = {
			isa = PBXTargetDependency;
			target = 96B537202982FF7D004365B9 /* TestApp */;
			targetProxy = 965914AE29B7B69C0031B82C /* PBXContainerItemProxy */;
		};
/* End PBXTargetDependency section */

/* Begin XCBuildConfiguration section */
		965914B029B7B69C0031B82C /* Debug */ = {
			isa = XCBuildConfiguration;
			buildSettings = {
				BUNDLE_LOADER = "$(TEST_HOST)";
				CLANG_CXX_LANGUAGE_STANDARD = "gnu++20";
				CODE_SIGN_STYLE = Automatic;
				CURRENT_PROJECT_VERSION = 1;
				DEVELOPMENT_TEAM = K63SH2PAQW;
				GENERATE_INFOPLIST_FILE = YES;
				IPHONEOS_DEPLOYMENT_TARGET = 16.2;
				MARKETING_VERSION = 1.0;
				PRODUCT_BUNDLE_IDENTIFIER = khlamov.mykyta.TestAppTests;
				PRODUCT_NAME = "$(TARGET_NAME)";
				SUPPORTED_PLATFORMS = "iphoneos iphonesimulator";
				SUPPORTS_MACCATALYST = NO;
				SUPPORTS_MAC_DESIGNED_FOR_IPHONE_IPAD = NO;
				SWIFT_EMIT_LOC_STRINGS = NO;
				SWIFT_VERSION = 5.0;
				TARGETED_DEVICE_FAMILY = "1,2";
				TEST_HOST = "$(BUILT_PRODUCTS_DIR)/TestApp.app/$(BUNDLE_EXECUTABLE_FOLDER_PATH)/TestApp";
			};
			name = Debug;
		};
		965914B129B7B69C0031B82C /* Release */ = {
			isa = XCBuildConfiguration;
			buildSettings = {
				BUNDLE_LOADER = "$(TEST_HOST)";
				CLANG_CXX_LANGUAGE_STANDARD = "gnu++20";
				CODE_SIGN_STYLE = Automatic;
				CURRENT_PROJECT_VERSION = 1;
				DEVELOPMENT_TEAM = K63SH2PAQW;
				GENERATE_INFOPLIST_FILE = YES;
				IPHONEOS_DEPLOYMENT_TARGET = 16.2;
				MARKETING_VERSION = 1.0;
				PRODUCT_BUNDLE_IDENTIFIER = khlamov.mykyta.TestAppTests;
				PRODUCT_NAME = "$(TARGET_NAME)";
				SUPPORTED_PLATFORMS = "iphoneos iphonesimulator";
				SUPPORTS_MACCATALYST = NO;
				SUPPORTS_MAC_DESIGNED_FOR_IPHONE_IPAD = NO;
				SWIFT_EMIT_LOC_STRINGS = NO;
				SWIFT_VERSION = 5.0;
				TARGETED_DEVICE_FAMILY = "1,2";
				TEST_HOST = "$(BUILT_PRODUCTS_DIR)/TestApp.app/$(BUNDLE_EXECUTABLE_FOLDER_PATH)/TestApp";
			};
			name = Release;
		};
		96B5372D2982FF7E004365B9 /* Debug */ = {
			isa = XCBuildConfiguration;
			buildSettings = {
				ALWAYS_SEARCH_USER_PATHS = NO;
				CLANG_ANALYZER_NONNULL = YES;
				CLANG_ANALYZER_NUMBER_OBJECT_CONVERSION = YES_AGGRESSIVE;
				CLANG_CXX_LANGUAGE_STANDARD = "gnu++17";
				CLANG_CXX_LIBRARY = "libc++";
				CLANG_ENABLE_MODULES = YES;
				CLANG_ENABLE_OBJC_ARC = YES;
				CLANG_ENABLE_OBJC_WEAK = YES;
				CLANG_WARN_BLOCK_CAPTURE_AUTORELEASING = YES;
				CLANG_WARN_BOOL_CONVERSION = YES;
				CLANG_WARN_COMMA = YES;
				CLANG_WARN_CONSTANT_CONVERSION = YES;
				CLANG_WARN_DEPRECATED_OBJC_IMPLEMENTATIONS = YES;
				CLANG_WARN_DIRECT_OBJC_ISA_USAGE = YES_ERROR;
				CLANG_WARN_DOCUMENTATION_COMMENTS = YES;
				CLANG_WARN_EMPTY_BODY = YES;
				CLANG_WARN_ENUM_CONVERSION = YES;
				CLANG_WARN_INFINITE_RECURSION = YES;
				CLANG_WARN_INT_CONVERSION = YES;
				CLANG_WARN_NON_LITERAL_NULL_CONVERSION = YES;
				CLANG_WARN_OBJC_IMPLICIT_RETAIN_SELF = YES;
				CLANG_WARN_OBJC_LITERAL_CONVERSION = YES;
				CLANG_WARN_OBJC_ROOT_CLASS = YES_ERROR;
				CLANG_WARN_QUOTED_INCLUDE_IN_FRAMEWORK_HEADER = YES;
				CLANG_WARN_RANGE_LOOP_ANALYSIS = YES;
				CLANG_WARN_STRICT_PROTOTYPES = YES;
				CLANG_WARN_SUSPICIOUS_MOVE = YES;
				CLANG_WARN_UNGUARDED_AVAILABILITY = YES_AGGRESSIVE;
				CLANG_WARN_UNREACHABLE_CODE = YES;
				CLANG_WARN__DUPLICATE_METHOD_MATCH = YES;
				COPY_PHASE_STRIP = NO;
				DEBUG_INFORMATION_FORMAT = dwarf;
				ENABLE_STRICT_OBJC_MSGSEND = YES;
				ENABLE_TESTABILITY = YES;
				GCC_C_LANGUAGE_STANDARD = gnu11;
				GCC_DYNAMIC_NO_PIC = NO;
				GCC_NO_COMMON_BLOCKS = YES;
				GCC_OPTIMIZATION_LEVEL = 0;
				GCC_PREPROCESSOR_DEFINITIONS = (
					"DEBUG=1",
					"$(inherited)",
				);
				GCC_WARN_64_TO_32_BIT_CONVERSION = YES;
				GCC_WARN_ABOUT_RETURN_TYPE = YES_ERROR;
				GCC_WARN_UNDECLARED_SELECTOR = YES;
				GCC_WARN_UNINITIALIZED_AUTOS = YES_AGGRESSIVE;
				GCC_WARN_UNUSED_FUNCTION = YES;
				GCC_WARN_UNUSED_VARIABLE = YES;
				IPHONEOS_DEPLOYMENT_TARGET = 15.0;
				MTL_ENABLE_DEBUG_INFO = INCLUDE_SOURCE;
				MTL_FAST_MATH = YES;
				ONLY_ACTIVE_ARCH = YES;
				SDKROOT = iphoneos;
				SWIFT_ACTIVE_COMPILATION_CONDITIONS = DEBUG;
				SWIFT_OPTIMIZATION_LEVEL = "-Onone";
			};
			name = Debug;
		};
		96B5372E2982FF7E004365B9 /* Release */ = {
			isa = XCBuildConfiguration;
			buildSettings = {
				ALWAYS_SEARCH_USER_PATHS = NO;
				CLANG_ANALYZER_NONNULL = YES;
				CLANG_ANALYZER_NUMBER_OBJECT_CONVERSION = YES_AGGRESSIVE;
				CLANG_CXX_LANGUAGE_STANDARD = "gnu++17";
				CLANG_CXX_LIBRARY = "libc++";
				CLANG_ENABLE_MODULES = YES;
				CLANG_ENABLE_OBJC_ARC = YES;
				CLANG_ENABLE_OBJC_WEAK = YES;
				CLANG_WARN_BLOCK_CAPTURE_AUTORELEASING = YES;
				CLANG_WARN_BOOL_CONVERSION = YES;
				CLANG_WARN_COMMA = YES;
				CLANG_WARN_CONSTANT_CONVERSION = YES;
				CLANG_WARN_DEPRECATED_OBJC_IMPLEMENTATIONS = YES;
				CLANG_WARN_DIRECT_OBJC_ISA_USAGE = YES_ERROR;
				CLANG_WARN_DOCUMENTATION_COMMENTS = YES;
				CLANG_WARN_EMPTY_BODY = YES;
				CLANG_WARN_ENUM_CONVERSION = YES;
				CLANG_WARN_INFINITE_RECURSION = YES;
				CLANG_WARN_INT_CONVERSION = YES;
				CLANG_WARN_NON_LITERAL_NULL_CONVERSION = YES;
				CLANG_WARN_OBJC_IMPLICIT_RETAIN_SELF = YES;
				CLANG_WARN_OBJC_LITERAL_CONVERSION = YES;
				CLANG_WARN_OBJC_ROOT_CLASS = YES_ERROR;
				CLANG_WARN_QUOTED_INCLUDE_IN_FRAMEWORK_HEADER = YES;
				CLANG_WARN_RANGE_LOOP_ANALYSIS = YES;
				CLANG_WARN_STRICT_PROTOTYPES = YES;
				CLANG_WARN_SUSPICIOUS_MOVE = YES;
				CLANG_WARN_UNGUARDED_AVAILABILITY = YES_AGGRESSIVE;
				CLANG_WARN_UNREACHABLE_CODE = YES;
				CLANG_WARN__DUPLICATE_METHOD_MATCH = YES;
				COPY_PHASE_STRIP = NO;
				DEBUG_INFORMATION_FORMAT = "dwarf-with-dsym";
				ENABLE_NS_ASSERTIONS = NO;
				ENABLE_STRICT_OBJC_MSGSEND = YES;
				GCC_C_LANGUAGE_STANDARD = gnu11;
				GCC_NO_COMMON_BLOCKS = YES;
				GCC_WARN_64_TO_32_BIT_CONVERSION = YES;
				GCC_WARN_ABOUT_RETURN_TYPE = YES_ERROR;
				GCC_WARN_UNDECLARED_SELECTOR = YES;
				GCC_WARN_UNINITIALIZED_AUTOS = YES_AGGRESSIVE;
				GCC_WARN_UNUSED_FUNCTION = YES;
				GCC_WARN_UNUSED_VARIABLE = YES;
				IPHONEOS_DEPLOYMENT_TARGET = 15.0;
				MTL_ENABLE_DEBUG_INFO = NO;
				MTL_FAST_MATH = YES;
				SDKROOT = iphoneos;
				SWIFT_COMPILATION_MODE = wholemodule;
				SWIFT_OPTIMIZATION_LEVEL = "-O";
				VALIDATE_PRODUCT = YES;
			};
			name = Release;
		};
		96B537302982FF7E004365B9 /* Debug */ = {
			isa = XCBuildConfiguration;
			buildSettings = {
				ASSETCATALOG_COMPILER_APPICON_NAME = AppIcon;
				ASSETCATALOG_COMPILER_GLOBAL_ACCENT_COLOR_NAME = AccentColor;
				CODE_SIGN_STYLE = Automatic;
				CURRENT_PROJECT_VERSION = 1;
				DEVELOPMENT_ASSET_PATHS = "\"TestApp/Preview Content\"";
				DEVELOPMENT_TEAM = K63SH2PAQW;
				ENABLE_PREVIEWS = YES;
				GENERATE_INFOPLIST_FILE = YES;
				INFOPLIST_KEY_UIApplicationSceneManifest_Generation = YES;
				INFOPLIST_KEY_UIApplicationSupportsIndirectInputEvents = YES;
				INFOPLIST_KEY_UILaunchScreen_Generation = YES;
				INFOPLIST_KEY_UISupportedInterfaceOrientations_iPad = "UIInterfaceOrientationPortrait UIInterfaceOrientationPortraitUpsideDown UIInterfaceOrientationLandscapeLeft UIInterfaceOrientationLandscapeRight";
				INFOPLIST_KEY_UISupportedInterfaceOrientations_iPhone = "UIInterfaceOrientationPortrait UIInterfaceOrientationLandscapeLeft UIInterfaceOrientationLandscapeRight";
				LD_RUNPATH_SEARCH_PATHS = (
					"$(inherited)",
					"@executable_path/Frameworks",
				);
				MARKETING_VERSION = 1.0;
				PRODUCT_BUNDLE_IDENTIFIER = khlamov.mykyta.TestApp;
				PRODUCT_NAME = "$(TARGET_NAME)";
				SUPPORTED_PLATFORMS = "iphoneos iphonesimulator";
				SUPPORTS_MACCATALYST = NO;
				SUPPORTS_MAC_DESIGNED_FOR_IPHONE_IPAD = NO;
				SWIFT_EMIT_LOC_STRINGS = YES;
				SWIFT_VERSION = 5.0;
				TARGETED_DEVICE_FAMILY = "1,2";
			};
			name = Debug;
		};
		96B537312982FF7E004365B9 /* Release */ = {
			isa = XCBuildConfiguration;
			buildSettings = {
				ASSETCATALOG_COMPILER_APPICON_NAME = AppIcon;
				ASSETCATALOG_COMPILER_GLOBAL_ACCENT_COLOR_NAME = AccentColor;
				CODE_SIGN_STYLE = Automatic;
				CURRENT_PROJECT_VERSION = 1;
				DEVELOPMENT_ASSET_PATHS = "\"TestApp/Preview Content\"";
				DEVELOPMENT_TEAM = K63SH2PAQW;
				ENABLE_PREVIEWS = YES;
				GENERATE_INFOPLIST_FILE = YES;
				INFOPLIST_KEY_UIApplicationSceneManifest_Generation = YES;
				INFOPLIST_KEY_UIApplicationSupportsIndirectInputEvents = YES;
				INFOPLIST_KEY_UILaunchScreen_Generation = YES;
				INFOPLIST_KEY_UISupportedInterfaceOrientations_iPad = "UIInterfaceOrientationPortrait UIInterfaceOrientationPortraitUpsideDown UIInterfaceOrientationLandscapeLeft UIInterfaceOrientationLandscapeRight";
				INFOPLIST_KEY_UISupportedInterfaceOrientations_iPhone = "UIInterfaceOrientationPortrait UIInterfaceOrientationLandscapeLeft UIInterfaceOrientationLandscapeRight";
				LD_RUNPATH_SEARCH_PATHS = (
					"$(inherited)",
					"@executable_path/Frameworks",
				);
				MARKETING_VERSION = 1.0;
				PRODUCT_BUNDLE_IDENTIFIER = khlamov.mykyta.TestApp;
				PRODUCT_NAME = "$(TARGET_NAME)";
				SUPPORTED_PLATFORMS = "iphoneos iphonesimulator";
				SUPPORTS_MACCATALYST = NO;
				SUPPORTS_MAC_DESIGNED_FOR_IPHONE_IPAD = NO;
				SWIFT_EMIT_LOC_STRINGS = YES;
				SWIFT_VERSION = 5.0;
				TARGETED_DEVICE_FAMILY = "1,2";
			};
			name = Release;
		};
/* End XCBuildConfiguration section */

/* Begin XCConfigurationList section */
		965914B229B7B69C0031B82C /* Build configuration list for PBXNativeTarget "TestAppTests" */ = {
			isa = XCConfigurationList;
			buildConfigurations = (
				965914B029B7B69C0031B82C /* Debug */,
				965914B129B7B69C0031B82C /* Release */,
			);
			defaultConfigurationIsVisible = 0;
			defaultConfigurationName = Release;
		};
		96B5371C2982FF7D004365B9 /* Build configuration list for PBXProject "TestApp" */ = {
			isa = XCConfigurationList;
			buildConfigurations = (
				96B5372D2982FF7E004365B9 /* Debug */,
				96B5372E2982FF7E004365B9 /* Release */,
			);
			defaultConfigurationIsVisible = 0;
			defaultConfigurationName = Release;
		};
		96B5372F2982FF7E004365B9 /* Build configuration list for PBXNativeTarget "TestApp" */ = {
			isa = XCConfigurationList;
			buildConfigurations = (
				96B537302982FF7E004365B9 /* Debug */,
				96B537312982FF7E004365B9 /* Release */,
			);
			defaultConfigurationIsVisible = 0;
			defaultConfigurationName = Release;
		};
/* End XCConfigurationList section */
	};
	rootObject = 96B537192982FF7D004365B9 /* Project object */;
}
